
Microsoft Visual Studio Solution File, Format Version 12.00
# Visual Studio Version 17
VisualStudioVersion = 17.0.31903.59
MinimumVisualStudioVersion = 10.0.40219.1
Project("{2150E333-8FDC-42A3-9474-1A3956D46DE8}") = "src", "src", "{827E0CD3-B72D-47B6-A68D-7590B98EB39B}"
EndProject
Project("{2150E333-8FDC-42A3-9474-1A3956D46DE8}") = "BuildingBlocks", "BuildingBlocks", "{90298CBA-BD6F-3A0A-69D5-97CAD7B05E7E}"
EndProject
Project("{FAE04EC0-301F-11D3-BF4B-00C04F79EFBC}") = "CashFlow.Messaging", "src\BuildingBlocks\CashFlow.Messaging\CashFlow.Messaging.csproj", "{9363EF1A-4E0F-4503-9964-56FB5A869EFB}"
EndProject
Project("{FAE04EC0-301F-11D3-BF4B-00C04F79EFBC}") = "CashFlow.Messaging.RabbitMq", "src\BuildingBlocks\CashFlow.Messaging.RabbitMq\CashFlow.Messaging.RabbitMq.csproj", "{5C3A1EB4-E017-49CA-9492-A7B31C9D1D77}"
EndProject
Project("{FAE04EC0-301F-11D3-BF4B-00C04F79EFBC}") = "CashFlow.SharedKernel", "src\BuildingBlocks\CashFlow.SharedKernel\CashFlow.SharedKernel.csproj", "{2304F0B1-D989-4E9A-B637-5A9067DF75D8}"
EndProject
Project("{2150E333-8FDC-42A3-9474-1A3956D46DE8}") = "Consolidation", "Consolidation", "{4359D56A-93C3-A72F-181B-2FF5735C2783}"
EndProject
Project("{FAE04EC0-301F-11D3-BF4B-00C04F79EFBC}") = "CashFlow.Consolidation.Api", "src\Consolidation\CashFlow.Consolidation.Api\CashFlow.Consolidation.Api.csproj", "{EF842695-ACC2-46DD-9DF2-E960AD32010F}"
EndProject
Project("{FAE04EC0-301F-11D3-BF4B-00C04F79EFBC}") = "CashFlow.Consolidation.Application", "src\Consolidation\CashFlow.Consolidation.Application\CashFlow.Consolidation.Application.csproj", "{A45C88C1-DA2E-49C7-BCCD-088A028D1583}"
EndProject
Project("{FAE04EC0-301F-11D3-BF4B-00C04F79EFBC}") = "CashFlow.Consolidation.Domain", "src\Consolidation\CashFlow.Consolidation.Domain\CashFlow.Consolidation.Domain.csproj", "{2D3F6CAC-0513-4DFE-8476-D1C5BA80A9A7}"
EndProject
Project("{FAE04EC0-301F-11D3-BF4B-00C04F79EFBC}") = "CashFlow.Consolidation.Infrastructure", "src\Consolidation\CashFlow.Consolidation.Infrastructure\CashFlow.Consolidation.Infrastructure.csproj", "{70E5A872-4CEC-4FCA-B588-DBB733B13F0B}"
EndProject
Project("{2150E333-8FDC-42A3-9474-1A3956D46DE8}") = "Launches", "Launches", "{5DAE246E-CAC8-10EC-08A5-B90466A331D7}"
EndProject
Project("{FAE04EC0-301F-11D3-BF4B-00C04F79EFBC}") = "CashFlow.Launches.Api", "src\Launches\CashFlow.Launches.Api\CashFlow.Launches.Api.csproj", "{0459B5DD-93D1-4EBF-AC8E-FD2AED3E23B4}"
EndProject
Project("{FAE04EC0-301F-11D3-BF4B-00C04F79EFBC}") = "CashFlow.Launches.Application", "src\Launches\CashFlow.Launches.Application\CashFlow.Launches.Application.csproj", "{FF9B0DC2-264B-422D-8A15-7B2CD29DCF50}"
EndProject
Project("{FAE04EC0-301F-11D3-BF4B-00C04F79EFBC}") = "CashFlow.Launches.Domain", "src\Launches\CashFlow.Launches.Domain\CashFlow.Launches.Domain.csproj", "{DE2BA519-2FD7-405E-8283-BBBC20B03570}"
EndProject
Project("{FAE04EC0-301F-11D3-BF4B-00C04F79EFBC}") = "CashFlow.Launches.Infrastructure", "src\Launches\CashFlow.Launches.Infrastructure\CashFlow.Launches.Infrastructure.csproj", "{67CC08BE-96B1-48CE-8210-B9A15E2389B3}"
EndProject
Project("{2150E333-8FDC-42A3-9474-1A3956D46DE8}") = "tests", "tests", "{0AB3BF05-4346-4AA6-1389-037BE0695223}"
EndProject
Project("{FAE04EC0-301F-11D3-BF4B-00C04F79EFBC}") = "CashFlow.Consolidation.IntegrationTests", "tests\CashFlow.Consolidation.IntegrationTests\CashFlow.Consolidation.IntegrationTests.csproj", "{FF1BAD18-25E1-4E50-A69F-A817958FAE7C}"
EndProject
Project("{FAE04EC0-301F-11D3-BF4B-00C04F79EFBC}") = "CashFlow.Consolidation.UnitTests", "tests\CashFlow.Consolidation.UnitTests\CashFlow.Consolidation.UnitTests.csproj", "{222013A6-08B7-4607-97F6-29BFF59D7B9A}"
EndProject
Project("{FAE04EC0-301F-11D3-BF4B-00C04F79EFBC}") = "CashFlow.Launches.IntegrationTests", "tests\CashFlow.Launches.IntegrationTests\CashFlow.Launches.IntegrationTests.csproj", "{B0CE0388-D55C-4583-BEAB-E14EAE7E5544}"
EndProject
Project("{FAE04EC0-301F-11D3-BF4B-00C04F79EFBC}") = "CashFlow.Launches.UnitTests", "tests\CashFlow.Launches.UnitTests\CashFlow.Launches.UnitTests.csproj", "{B52F8E51-DD13-4C00-992A-1A383E4219DE}"
EndProject
Project("{FAE04EC0-301F-11D3-BF4B-00C04F79EFBC}") = "CashFlow.Web", "src\BuildingBlocks\CashFlow.Web\CashFlow.Web.csproj", "{371EF1F6-C818-4F8F-9023-C03B48C595D6}"
EndProject
Project("{FAE04EC0-301F-11D3-BF4B-00C04F79EFBC}") = "CashFlow.SharedKernel.UnitTests", "tests\CashFlow.SharedKernel.UnitTests\CashFlow.SharedKernel.UnitTests.csproj", "{54669364-5A19-4CCD-B27C-E0C1F4B50FBC}"
EndProject
Project("{2150E333-8FDC-42A3-9474-1A3956D46DE8}") = "tools", "tools", "{07C2787E-EAC7-C090-1BA3-A61EC2A24D84}"
EndProject
Project("{FAE04EC0-301F-11D3-BF4B-00C04F79EFBC}") = "CashFlow.LoadTest", "tools\CashFlow.LoadTest\CashFlow.LoadTest.csproj", "{76A54424-0C3C-4297-8CD3-A67947E9F372}"
EndProject
Global
	GlobalSection(SolutionConfigurationPlatforms) = preSolution
		Debug|Any CPU = Debug|Any CPU
		Debug|x64 = Debug|x64
		Debug|x86 = Debug|x86
		Release|Any CPU = Release|Any CPU
		Release|x64 = Release|x64
		Release|x86 = Release|x86
	EndGlobalSection
	GlobalSection(ProjectConfigurationPlatforms) = postSolution
		{9363EF1A-4E0F-4503-9964-56FB5A869EFB}.Debug|Any CPU.ActiveCfg = Debug|Any CPU
		{9363EF1A-4E0F-4503-9964-56FB5A869EFB}.Debug|Any CPU.Build.0 = Debug|Any CPU
		{9363EF1A-4E0F-4503-9964-56FB5A869EFB}.Debug|x64.ActiveCfg = Debug|Any CPU
		{9363EF1A-4E0F-4503-9964-56FB5A869EFB}.Debug|x64.Build.0 = Debug|Any CPU
		{9363EF1A-4E0F-4503-9964-56FB5A869EFB}.Debug|x86.ActiveCfg = Debug|Any CPU
		{9363EF1A-4E0F-4503-9964-56FB5A869EFB}.Debug|x86.Build.0 = Debug|Any CPU
		{9363EF1A-4E0F-4503-9964-56FB5A869EFB}.Release|Any CPU.ActiveCfg = Release|Any CPU
		{9363EF1A-4E0F-4503-9964-56FB5A869EFB}.Release|Any CPU.Build.0 = Release|Any CPU
		{9363EF1A-4E0F-4503-9964-56FB5A869EFB}.Release|x64.ActiveCfg = Release|Any CPU
		{9363EF1A-4E0F-4503-9964-56FB5A869EFB}.Release|x64.Build.0 = Release|Any CPU
		{9363EF1A-4E0F-4503-9964-56FB5A869EFB}.Release|x86.ActiveCfg = Release|Any CPU
		{9363EF1A-4E0F-4503-9964-56FB5A869EFB}.Release|x86.Build.0 = Release|Any CPU
		{5C3A1EB4-E017-49CA-9492-A7B31C9D1D77}.Debug|Any CPU.ActiveCfg = Debug|Any CPU
		{5C3A1EB4-E017-49CA-9492-A7B31C9D1D77}.Debug|Any CPU.Build.0 = Debug|Any CPU
		{5C3A1EB4-E017-49CA-9492-A7B31C9D1D77}.Debug|x64.ActiveCfg = Debug|Any CPU
		{5C3A1EB4-E017-49CA-9492-A7B31C9D1D77}.Debug|x64.Build.0 = Debug|Any CPU
		{5C3A1EB4-E017-49CA-9492-A7B31C9D1D77}.Debug|x86.ActiveCfg = Debug|Any CPU
		{5C3A1EB4-E017-49CA-9492-A7B31C9D1D77}.Debug|x86.Build.0 = Debug|Any CPU
		{5C3A1EB4-E017-49CA-9492-A7B31C9D1D77}.Release|Any CPU.ActiveCfg = Release|Any CPU
		{5C3A1EB4-E017-49CA-9492-A7B31C9D1D77}.Release|Any CPU.Build.0 = Release|Any CPU
		{5C3A1EB4-E017-49CA-9492-A7B31C9D1D77}.Release|x64.ActiveCfg = Release|Any CPU
		{5C3A1EB4-E017-49CA-9492-A7B31C9D1D77}.Release|x64.Build.0 = Release|Any CPU
		{5C3A1EB4-E017-49CA-9492-A7B31C9D1D77}.Release|x86.ActiveCfg = Release|Any CPU
		{5C3A1EB4-E017-49CA-9492-A7B31C9D1D77}.Release|x86.Build.0 = Release|Any CPU
		{2304F0B1-D989-4E9A-B637-5A9067DF75D8}.Debug|Any CPU.ActiveCfg = Debug|Any CPU
		{2304F0B1-D989-4E9A-B637-5A9067DF75D8}.Debug|Any CPU.Build.0 = Debug|Any CPU
		{2304F0B1-D989-4E9A-B637-5A9067DF75D8}.Debug|x64.ActiveCfg = Debug|Any CPU
		{2304F0B1-D989-4E9A-B637-5A9067DF75D8}.Debug|x64.Build.0 = Debug|Any CPU
		{2304F0B1-D989-4E9A-B637-5A9067DF75D8}.Debug|x86.ActiveCfg = Debug|Any CPU
		{2304F0B1-D989-4E9A-B637-5A9067DF75D8}.Debug|x86.Build.0 = Debug|Any CPU
		{2304F0B1-D989-4E9A-B637-5A9067DF75D8}.Release|Any CPU.ActiveCfg = Release|Any CPU
		{2304F0B1-D989-4E9A-B637-5A9067DF75D8}.Release|Any CPU.Build.0 = Release|Any CPU
		{2304F0B1-D989-4E9A-B637-5A9067DF75D8}.Release|x64.ActiveCfg = Release|Any CPU
		{2304F0B1-D989-4E9A-B637-5A9067DF75D8}.Release|x64.Build.0 = Release|Any CPU
		{2304F0B1-D989-4E9A-B637-5A9067DF75D8}.Release|x86.ActiveCfg = Release|Any CPU
		{2304F0B1-D989-4E9A-B637-5A9067DF75D8}.Release|x86.Build.0 = Release|Any CPU
		{EF842695-ACC2-46DD-9DF2-E960AD32010F}.Debug|Any CPU.ActiveCfg = Debug|Any CPU
		{EF842695-ACC2-46DD-9DF2-E960AD32010F}.Debug|Any CPU.Build.0 = Debug|Any CPU
		{EF842695-ACC2-46DD-9DF2-E960AD32010F}.Debug|x64.ActiveCfg = Debug|Any CPU
		{EF842695-ACC2-46DD-9DF2-E960AD32010F}.Debug|x64.Build.0 = Debug|Any CPU
		{EF842695-ACC2-46DD-9DF2-E960AD32010F}.Debug|x86.ActiveCfg = Debug|Any CPU
		{EF842695-ACC2-46DD-9DF2-E960AD32010F}.Debug|x86.Build.0 = Debug|Any CPU
		{EF842695-ACC2-46DD-9DF2-E960AD32010F}.Release|Any CPU.ActiveCfg = Release|Any CPU
		{EF842695-ACC2-46DD-9DF2-E960AD32010F}.Release|Any CPU.Build.0 = Release|Any CPU
		{EF842695-ACC2-46DD-9DF2-E960AD32010F}.Release|x64.ActiveCfg = Release|Any CPU
		{EF842695-ACC2-46DD-9DF2-E960AD32010F}.Release|x64.Build.0 = Release|Any CPU
		{EF842695-ACC2-46DD-9DF2-E960AD32010F}.Release|x86.ActiveCfg = Release|Any CPU
		{EF842695-ACC2-46DD-9DF2-E960AD32010F}.Release|x86.Build.0 = Release|Any CPU
		{A45C88C1-DA2E-49C7-BCCD-088A028D1583}.Debug|Any CPU.ActiveCfg = Debug|Any CPU
		{A45C88C1-DA2E-49C7-BCCD-088A028D1583}.Debug|Any CPU.Build.0 = Debug|Any CPU
		{A45C88C1-DA2E-49C7-BCCD-088A028D1583}.Debug|x64.ActiveCfg = Debug|Any CPU
		{A45C88C1-DA2E-49C7-BCCD-088A028D1583}.Debug|x64.Build.0 = Debug|Any CPU
		{A45C88C1-DA2E-49C7-BCCD-088A028D1583}.Debug|x86.ActiveCfg = Debug|Any CPU
		{A45C88C1-DA2E-49C7-BCCD-088A028D1583}.Debug|x86.Build.0 = Debug|Any CPU
		{A45C88C1-DA2E-49C7-BCCD-088A028D1583}.Release|Any CPU.ActiveCfg = Release|Any CPU
		{A45C88C1-DA2E-49C7-BCCD-088A028D1583}.Release|Any CPU.Build.0 = Release|Any CPU
		{A45C88C1-DA2E-49C7-BCCD-088A028D1583}.Release|x64.ActiveCfg = Release|Any CPU
		{A45C88C1-DA2E-49C7-BCCD-088A028D1583}.Release|x64.Build.0 = Release|Any CPU
		{A45C88C1-DA2E-49C7-BCCD-088A028D1583}.Release|x86.ActiveCfg = Release|Any CPU
		{A45C88C1-DA2E-49C7-BCCD-088A028D1583}.Release|x86.Build.0 = Release|Any CPU
		{2D3F6CAC-0513-4DFE-8476-D1C5BA80A9A7}.Debug|Any CPU.ActiveCfg = Debug|Any CPU
		{2D3F6CAC-0513-4DFE-8476-D1C5BA80A9A7}.Debug|Any CPU.Build.0 = Debug|Any CPU
		{2D3F6CAC-0513-4DFE-8476-D1C5BA80A9A7}.Debug|x64.ActiveCfg = Debug|Any CPU
		{2D3F6CAC-0513-4DFE-8476-D1C5BA80A9A7}.Debug|x64.Build.0 = Debug|Any CPU
		{2D3F6CAC-0513-4DFE-8476-D1C5BA80A9A7}.Debug|x86.ActiveCfg = Debug|Any CPU
		{2D3F6CAC-0513-4DFE-8476-D1C5BA80A9A7}.Debug|x86.Build.0 = Debug|Any CPU
		{2D3F6CAC-0513-4DFE-8476-D1C5BA80A9A7}.Release|Any CPU.ActiveCfg = Release|Any CPU
		{2D3F6CAC-0513-4DFE-8476-D1C5BA80A9A7}.Release|Any CPU.Build.0 = Release|Any CPU
		{2D3F6CAC-0513-4DFE-8476-D1C5BA80A9A7}.Release|x64.ActiveCfg = Release|Any CPU
		{2D3F6CAC-0513-4DFE-8476-D1C5BA80A9A7}.Release|x64.Build.0 = Release|Any CPU
		{2D3F6CAC-0513-4DFE-8476-D1C5BA80A9A7}.Release|x86.ActiveCfg = Release|Any CPU
		{2D3F6CAC-0513-4DFE-8476-D1C5BA80A9A7}.Release|x86.Build.0 = Release|Any CPU
		{70E5A872-4CEC-4FCA-B588-DBB733B13F0B}.Debug|Any CPU.ActiveCfg = Debug|Any CPU
		{70E5A872-4CEC-4FCA-B588-DBB733B13F0B}.Debug|Any CPU.Build.0 = Debug|Any CPU
		{70E5A872-4CEC-4FCA-B588-DBB733B13F0B}.Debug|x64.ActiveCfg = Debug|Any CPU
		{70E5A872-4CEC-4FCA-B588-DBB733B13F0B}.Debug|x64.Build.0 = Debug|Any CPU
		{70E5A872-4CEC-4FCA-B588-DBB733B13F0B}.Debug|x86.ActiveCfg = Debug|Any CPU
		{70E5A872-4CEC-4FCA-B588-DBB733B13F0B}.Debug|x86.Build.0 = Debug|Any CPU
		{70E5A872-4CEC-4FCA-B588-DBB733B13F0B}.Release|Any CPU.ActiveCfg = Release|Any CPU
		{70E5A872-4CEC-4FCA-B588-DBB733B13F0B}.Release|Any CPU.Build.0 = Release|Any CPU
		{70E5A872-4CEC-4FCA-B588-DBB733B13F0B}.Release|x64.ActiveCfg = Release|Any CPU
		{70E5A872-4CEC-4FCA-B588-DBB733B13F0B}.Release|x64.Build.0 = Release|Any CPU
		{70E5A872-4CEC-4FCA-B588-DBB733B13F0B}.Release|x86.ActiveCfg = Release|Any CPU
		{70E5A872-4CEC-4FCA-B588-DBB733B13F0B}.Release|x86.Build.0 = Release|Any CPU
		{0459B5DD-93D1-4EBF-AC8E-FD2AED3E23B4}.Debug|Any CPU.ActiveCfg = Debug|Any CPU
		{0459B5DD-93D1-4EBF-AC8E-FD2AED3E23B4}.Debug|Any CPU.Build.0 = Debug|Any CPU
		{0459B5DD-93D1-4EBF-AC8E-FD2AED3E23B4}.Debug|x64.ActiveCfg = Debug|Any CPU
		{0459B5DD-93D1-4EBF-AC8E-FD2AED3E23B4}.Debug|x64.Build.0 = Debug|Any CPU
		{0459B5DD-93D1-4EBF-AC8E-FD2AED3E23B4}.Debug|x86.ActiveCfg = Debug|Any CPU
		{0459B5DD-93D1-4EBF-AC8E-FD2AED3E23B4}.Debug|x86.Build.0 = Debug|Any CPU
		{0459B5DD-93D1-4EBF-AC8E-FD2AED3E23B4}.Release|Any CPU.ActiveCfg = Release|Any CPU
		{0459B5DD-93D1-4EBF-AC8E-FD2AED3E23B4}.Release|Any CPU.Build.0 = Release|Any CPU
		{0459B5DD-93D1-4EBF-AC8E-FD2AED3E23B4}.Release|x64.ActiveCfg = Release|Any CPU
		{0459B5DD-93D1-4EBF-AC8E-FD2AED3E23B4}.Release|x64.Build.0 = Release|Any CPU
		{0459B5DD-93D1-4EBF-AC8E-FD2AED3E23B4}.Release|x86.ActiveCfg = Release|Any CPU
		{0459B5DD-93D1-4EBF-AC8E-FD2AED3E23B4}.Release|x86.Build.0 = Release|Any CPU
		{FF9B0DC2-264B-422D-8A15-7B2CD29DCF50}.Debug|Any CPU.ActiveCfg = Debug|Any CPU
		{FF9B0DC2-264B-422D-8A15-7B2CD29DCF50}.Debug|Any CPU.Build.0 = Debug|Any CPU
		{FF9B0DC2-264B-422D-8A15-7B2CD29DCF50}.Debug|x64.ActiveCfg = Debug|Any CPU
		{FF9B0DC2-264B-422D-8A15-7B2CD29DCF50}.Debug|x64.Build.0 = Debug|Any CPU
		{FF9B0DC2-264B-422D-8A15-7B2CD29DCF50}.Debug|x86.ActiveCfg = Debug|Any CPU
		{FF9B0DC2-264B-422D-8A15-7B2CD29DCF50}.Debug|x86.Build.0 = Debug|Any CPU
		{FF9B0DC2-264B-422D-8A15-7B2CD29DCF50}.Release|Any CPU.ActiveCfg = Release|Any CPU
		{FF9B0DC2-264B-422D-8A15-7B2CD29DCF50}.Release|Any CPU.Build.0 = Release|Any CPU
		{FF9B0DC2-264B-422D-8A15-7B2CD29DCF50}.Release|x64.ActiveCfg = Release|Any CPU
		{FF9B0DC2-264B-422D-8A15-7B2CD29DCF50}.Release|x64.Build.0 = Release|Any CPU
		{FF9B0DC2-264B-422D-8A15-7B2CD29DCF50}.Release|x86.ActiveCfg = Release|Any CPU
		{FF9B0DC2-264B-422D-8A15-7B2CD29DCF50}.Release|x86.Build.0 = Release|Any CPU
		{DE2BA519-2FD7-405E-8283-BBBC20B03570}.Debug|Any CPU.ActiveCfg = Debug|Any CPU
		{DE2BA519-2FD7-405E-8283-BBBC20B03570}.Debug|Any CPU.Build.0 = Debug|Any CPU
		{DE2BA519-2FD7-405E-8283-BBBC20B03570}.Debug|x64.ActiveCfg = Debug|Any CPU
		{DE2BA519-2FD7-405E-8283-BBBC20B03570}.Debug|x64.Build.0 = Debug|Any CPU
		{DE2BA519-2FD7-405E-8283-BBBC20B03570}.Debug|x86.ActiveCfg = Debug|Any CPU
		{DE2BA519-2FD7-405E-8283-BBBC20B03570}.Debug|x86.Build.0 = Debug|Any CPU
		{DE2BA519-2FD7-405E-8283-BBBC20B03570}.Release|Any CPU.ActiveCfg = Release|Any CPU
		{DE2BA519-2FD7-405E-8283-BBBC20B03570}.Release|Any CPU.Build.0 = Release|Any CPU
		{DE2BA519-2FD7-405E-8283-BBBC20B03570}.Release|x64.ActiveCfg = Release|Any CPU
		{DE2BA519-2FD7-405E-8283-BBBC20B03570}.Release|x64.Build.0 = Release|Any CPU
		{DE2BA519-2FD7-405E-8283-BBBC20B03570}.Release|x86.ActiveCfg = Release|Any CPU
		{DE2BA519-2FD7-405E-8283-BBBC20B03570}.Release|x86.Build.0 = Release|Any CPU
		{67CC08BE-96B1-48CE-8210-B9A15E2389B3}.Debug|Any CPU.ActiveCfg = Debug|Any CPU
		{67CC08BE-96B1-48CE-8210-B9A15E2389B3}.Debug|Any CPU.Build.0 = Debug|Any CPU
		{67CC08BE-96B1-48CE-8210-B9A15E2389B3}.Debug|x64.ActiveCfg = Debug|Any CPU
		{67CC08BE-96B1-48CE-8210-B9A15E2389B3}.Debug|x64.Build.0 = Debug|Any CPU
		{67CC08BE-96B1-48CE-8210-B9A15E2389B3}.Debug|x86.ActiveCfg = Debug|Any CPU
		{67CC08BE-96B1-48CE-8210-B9A15E2389B3}.Debug|x86.Build.0 = Debug|Any CPU
		{67CC08BE-96B1-48CE-8210-B9A15E2389B3}.Release|Any CPU.ActiveCfg = Release|Any CPU
		{67CC08BE-96B1-48CE-8210-B9A15E2389B3}.Release|Any CPU.Build.0 = Release|Any CPU
		{67CC08BE-96B1-48CE-8210-B9A15E2389B3}.Release|x64.ActiveCfg = Release|Any CPU
		{67CC08BE-96B1-48CE-8210-B9A15E2389B3}.Release|x64.Build.0 = Release|Any CPU
		{67CC08BE-96B1-48CE-8210-B9A15E2389B3}.Release|x86.ActiveCfg = Release|Any CPU
		{67CC08BE-96B1-48CE-8210-B9A15E2389B3}.Release|x86.Build.0 = Release|Any CPU
		{FF1BAD18-25E1-4E50-A69F-A817958FAE7C}.Debug|Any CPU.ActiveCfg = Debug|Any CPU
		{FF1BAD18-25E1-4E50-A69F-A817958FAE7C}.Debug|Any CPU.Build.0 = Debug|Any CPU
		{FF1BAD18-25E1-4E50-A69F-A817958FAE7C}.Debug|x64.ActiveCfg = Debug|Any CPU
		{FF1BAD18-25E1-4E50-A69F-A817958FAE7C}.Debug|x64.Build.0 = Debug|Any CPU
		{FF1BAD18-25E1-4E50-A69F-A817958FAE7C}.Debug|x86.ActiveCfg = Debug|Any CPU
		{FF1BAD18-25E1-4E50-A69F-A817958FAE7C}.Debug|x86.Build.0 = Debug|Any CPU
		{FF1BAD18-25E1-4E50-A69F-A817958FAE7C}.Release|Any CPU.ActiveCfg = Release|Any CPU
		{FF1BAD18-25E1-4E50-A69F-A817958FAE7C}.Release|Any CPU.Build.0 = Release|Any CPU
		{FF1BAD18-25E1-4E50-A69F-A817958FAE7C}.Release|x64.ActiveCfg = Release|Any CPU
		{FF1BAD18-25E1-4E50-A69F-A817958FAE7C}.Release|x64.Build.0 = Release|Any CPU
		{FF1BAD18-25E1-4E50-A69F-A817958FAE7C}.Release|x86.ActiveCfg = Release|Any CPU
		{FF1BAD18-25E1-4E50-A69F-A817958FAE7C}.Release|x86.Build.0 = Release|Any CPU
		{222013A6-08B7-4607-97F6-29BFF59D7B9A}.Debug|Any CPU.ActiveCfg = Debug|Any CPU
		{222013A6-08B7-4607-97F6-29BFF59D7B9A}.Debug|Any CPU.Build.0 = Debug|Any CPU
		{222013A6-08B7-4607-97F6-29BFF59D7B9A}.Debug|x64.ActiveCfg = Debug|Any CPU
		{222013A6-08B7-4607-97F6-29BFF59D7B9A}.Debug|x64.Build.0 = Debug|Any CPU
		{222013A6-08B7-4607-97F6-29BFF59D7B9A}.Debug|x86.ActiveCfg = Debug|Any CPU
		{222013A6-08B7-4607-97F6-29BFF59D7B9A}.Debug|x86.Build.0 = Debug|Any CPU
		{222013A6-08B7-4607-97F6-29BFF59D7B9A}.Release|Any CPU.ActiveCfg = Release|Any CPU
		{222013A6-08B7-4607-97F6-29BFF59D7B9A}.Release|Any CPU.Build.0 = Release|Any CPU
		{222013A6-08B7-4607-97F6-29BFF59D7B9A}.Release|x64.ActiveCfg = Release|Any CPU
		{222013A6-08B7-4607-97F6-29BFF59D7B9A}.Release|x64.Build.0 = Release|Any CPU
		{222013A6-08B7-4607-97F6-29BFF59D7B9A}.Release|x86.ActiveCfg = Release|Any CPU
		{222013A6-08B7-4607-97F6-29BFF59D7B9A}.Release|x86.Build.0 = Release|Any CPU
		{B0CE0388-D55C-4583-BEAB-E14EAE7E5544}.Debug|Any CPU.ActiveCfg = Debug|Any CPU
		{B0CE0388-D55C-4583-BEAB-E14EAE7E5544}.Debug|Any CPU.Build.0 = Debug|Any CPU
		{B0CE0388-D55C-4583-BEAB-E14EAE7E5544}.Debug|x64.ActiveCfg = Debug|Any CPU
		{B0CE0388-D55C-4583-BEAB-E14EAE7E5544}.Debug|x64.Build.0 = Debug|Any CPU
		{B0CE0388-D55C-4583-BEAB-E14EAE7E5544}.Debug|x86.ActiveCfg = Debug|Any CPU
		{B0CE0388-D55C-4583-BEAB-E14EAE7E5544}.Debug|x86.Build.0 = Debug|Any CPU
		{B0CE0388-D55C-4583-BEAB-E14EAE7E5544}.Release|Any CPU.ActiveCfg = Release|Any CPU
		{B0CE0388-D55C-4583-BEAB-E14EAE7E5544}.Release|Any CPU.Build.0 = Release|Any CPU
		{B0CE0388-D55C-4583-BEAB-E14EAE7E5544}.Release|x64.ActiveCfg = Release|Any CPU
		{B0CE0388-D55C-4583-BEAB-E14EAE7E5544}.Release|x64.Build.0 = Release|Any CPU
		{B0CE0388-D55C-4583-BEAB-E14EAE7E5544}.Release|x86.ActiveCfg = Release|Any CPU
		{B0CE0388-D55C-4583-BEAB-E14EAE7E5544}.Release|x86.Build.0 = Release|Any CPU
		{B52F8E51-DD13-4C00-992A-1A383E4219DE}.Debug|Any CPU.ActiveCfg = Debug|Any CPU
		{B52F8E51-DD13-4C00-992A-1A383E4219DE}.Debug|Any CPU.Build.0 = Debug|Any CPU
		{B52F8E51-DD13-4C00-992A-1A383E4219DE}.Debug|x64.ActiveCfg = Debug|Any CPU
		{B52F8E51-DD13-4C00-992A-1A383E4219DE}.Debug|x64.Build.0 = Debug|Any CPU
		{B52F8E51-DD13-4C00-992A-1A383E4219DE}.Debug|x86.ActiveCfg = Debug|Any CPU
		{B52F8E51-DD13-4C00-992A-1A383E4219DE}.Debug|x86.Build.0 = Debug|Any CPU
		{B52F8E51-DD13-4C00-992A-1A383E4219DE}.Release|Any CPU.ActiveCfg = Release|Any CPU
		{B52F8E51-DD13-4C00-992A-1A383E4219DE}.Release|Any CPU.Build.0 = Release|Any CPU
		{B52F8E51-DD13-4C00-992A-1A383E4219DE}.Release|x64.ActiveCfg = Release|Any CPU
		{B52F8E51-DD13-4C00-992A-1A383E4219DE}.Release|x64.Build.0 = Release|Any CPU
		{B52F8E51-DD13-4C00-992A-1A383E4219DE}.Release|x86.ActiveCfg = Release|Any CPU
		{B52F8E51-DD13-4C00-992A-1A383E4219DE}.Release|x86.Build.0 = Release|Any CPU
		{371EF1F6-C818-4F8F-9023-C03B48C595D6}.Debug|Any CPU.ActiveCfg = Debug|Any CPU
		{371EF1F6-C818-4F8F-9023-C03B48C595D6}.Debug|Any CPU.Build.0 = Debug|Any CPU
		{371EF1F6-C818-4F8F-9023-C03B48C595D6}.Debug|x64.ActiveCfg = Debug|Any CPU
		{371EF1F6-C818-4F8F-9023-C03B48C595D6}.Debug|x64.Build.0 = Debug|Any CPU
		{371EF1F6-C818-4F8F-9023-C03B48C595D6}.Debug|x86.ActiveCfg = Debug|Any CPU
		{371EF1F6-C818-4F8F-9023-C03B48C595D6}.Debug|x86.Build.0 = Debug|Any CPU
		{371EF1F6-C818-4F8F-9023-C03B48C595D6}.Release|Any CPU.ActiveCfg = Release|Any CPU
		{371EF1F6-C818-4F8F-9023-C03B48C595D6}.Release|Any CPU.Build.0 = Release|Any CPU
		{371EF1F6-C818-4F8F-9023-C03B48C595D6}.Release|x64.ActiveCfg = Release|Any CPU
		{371EF1F6-C818-4F8F-9023-C03B48C595D6}.Release|x64.Build.0 = Release|Any CPU
		{371EF1F6-C818-4F8F-9023-C03B48C595D6}.Release|x86.ActiveCfg = Release|Any CPU
		{371EF1F6-C818-4F8F-9023-C03B48C595D6}.Release|x86.Build.0 = Release|Any CPU
		{54669364-5A19-4CCD-B27C-E0C1F4B50FBC}.Debug|Any CPU.ActiveCfg = Debug|Any CPU
		{54669364-5A19-4CCD-B27C-E0C1F4B50FBC}.Debug|Any CPU.Build.0 = Debug|Any CPU
		{54669364-5A19-4CCD-B27C-E0C1F4B50FBC}.Debug|x64.ActiveCfg = Debug|Any CPU
		{54669364-5A19-4CCD-B27C-E0C1F4B50FBC}.Debug|x64.Build.0 = Debug|Any CPU
		{54669364-5A19-4CCD-B27C-E0C1F4B50FBC}.Debug|x86.ActiveCfg = Debug|Any CPU
		{54669364-5A19-4CCD-B27C-E0C1F4B50FBC}.Debug|x86.Build.0 = Debug|Any CPU
		{54669364-5A19-4CCD-B27C-E0C1F4B50FBC}.Release|Any CPU.ActiveCfg = Release|Any CPU
		{54669364-5A19-4CCD-B27C-E0C1F4B50FBC}.Release|Any CPU.Build.0 = Release|Any CPU
		{54669364-5A19-4CCD-B27C-E0C1F4B50FBC}.Release|x64.ActiveCfg = Release|Any CPU
		{54669364-5A19-4CCD-B27C-E0C1F4B50FBC}.Release|x64.Build.0 = Release|Any CPU
		{54669364-5A19-4CCD-B27C-E0C1F4B50FBC}.Release|x86.ActiveCfg = Release|Any CPU
		{54669364-5A19-4CCD-B27C-E0C1F4B50FBC}.Release|x86.Build.0 = Release|Any CPU
		{76A54424-0C3C-4297-8CD3-A67947E9F372}.Debug|Any CPU.ActiveCfg = Debug|Any CPU
		{76A54424-0C3C-4297-8CD3-A67947E9F372}.Debug|Any CPU.Build.0 = Debug|Any CPU
		{76A54424-0C3C-4297-8CD3-A67947E9F372}.Debug|x64.ActiveCfg = Debug|Any CPU
		{76A54424-0C3C-4297-8CD3-A67947E9F372}.Debug|x64.Build.0 = Debug|Any CPU
		{76A54424-0C3C-4297-8CD3-A67947E9F372}.Debug|x86.ActiveCfg = Debug|Any CPU
		{76A54424-0C3C-4297-8CD3-A67947E9F372}.Debug|x86.Build.0 = Debug|Any CPU
		{76A54424-0C3C-4297-8CD3-A67947E9F372}.Release|Any CPU.ActiveCfg = Release|Any CPU
		{76A54424-0C3C-4297-8CD3-A67947E9F372}.Release|Any CPU.Build.0 = Release|Any CPU
		{76A54424-0C3C-4297-8CD3-A67947E9F372}.Release|x64.ActiveCfg = Release|Any CPU
		{76A54424-0C3C-4297-8CD3-A67947E9F372}.Release|x64.Build.0 = Release|Any CPU
		{76A54424-0C3C-4297-8CD3-A67947E9F372}.Release|x86.ActiveCfg = Release|Any CPU
		{76A54424-0C3C-4297-8CD3-A67947E9F372}.Release|x86.Build.0 = Release|Any CPU
	EndGlobalSection
	GlobalSection(SolutionProperties) = preSolution
		HideSolutionNode = FALSE
	EndGlobalSection
	GlobalSection(NestedProjects) = preSolution
		{90298CBA-BD6F-3A0A-69D5-97CAD7B05E7E} = {827E0CD3-B72D-47B6-A68D-7590B98EB39B}
		{9363EF1A-4E0F-4503-9964-56FB5A869EFB} = {90298CBA-BD6F-3A0A-69D5-97CAD7B05E7E}
		{5C3A1EB4-E017-49CA-9492-A7B31C9D1D77} = {90298CBA-BD6F-3A0A-69D5-97CAD7B05E7E}
		{2304F0B1-D989-4E9A-B637-5A9067DF75D8} = {90298CBA-BD6F-3A0A-69D5-97CAD7B05E7E}
		{4359D56A-93C3-A72F-181B-2FF5735C2783} = {827E0CD3-B72D-47B6-A68D-7590B98EB39B}
		{EF842695-ACC2-46DD-9DF2-E960AD32010F} = {4359D56A-93C3-A72F-181B-2FF5735C2783}
		{A45C88C1-DA2E-49C7-BCCD-088A028D1583} = {4359D56A-93C3-A72F-181B-2FF5735C2783}
		{2D3F6CAC-0513-4DFE-8476-D1C5BA80A9A7} = {4359D56A-93C3-A72F-181B-2FF5735C2783}
		{70E5A872-4CEC-4FCA-B588-DBB733B13F0B} = {4359D56A-93C3-A72F-181B-2FF5735C2783}
		{5DAE246E-CAC8-10EC-08A5-B90466A331D7} = {827E0CD3-B72D-47B6-A68D-7590B98EB39B}
		{0459B5DD-93D1-4EBF-AC8E-FD2AED3E23B4} = {5DAE246E-CAC8-10EC-08A5-B90466A331D7}
		{FF9B0DC2-264B-422D-8A15-7B2CD29DCF50} = {5DAE246E-CAC8-10EC-08A5-B90466A331D7}
		{DE2BA519-2FD7-405E-8283-BBBC20B03570} = {5DAE246E-CAC8-10EC-08A5-B90466A331D7}
		{67CC08BE-96B1-48CE-8210-B9A15E2389B3} = {5DAE246E-CAC8-10EC-08A5-B90466A331D7}
		{FF1BAD18-25E1-4E50-A69F-A817958FAE7C} = {0AB3BF05-4346-4AA6-1389-037BE0695223}
		{222013A6-08B7-4607-97F6-29BFF59D7B9A} = {0AB3BF05-4346-4AA6-1389-037BE0695223}
		{B0CE0388-D55C-4583-BEAB-E14EAE7E5544} = {0AB3BF05-4346-4AA6-1389-037BE0695223}
		{B52F8E51-DD13-4C00-992A-1A383E4219DE} = {0AB3BF05-4346-4AA6-1389-037BE0695223}
		{371EF1F6-C818-4F8F-9023-C03B48C595D6} = {90298CBA-BD6F-3A0A-69D5-97CAD7B05E7E}
		{54669364-5A19-4CCD-B27C-E0C1F4B50FBC} = {0AB3BF05-4346-4AA6-1389-037BE0695223}
		{76A54424-0C3C-4297-8CD3-A67947E9F372} = {07C2787E-EAC7-C090-1BA3-A61EC2A24D84}
	EndGlobalSection
EndGlobal
